
Microsoft Visual Studio Solution File, Format Version 12.00
# Visual Studio Version 16
VisualStudioVersion = 16.0.30128.74
MinimumVisualStudioVersion = 10.0.40219.1
Project("{FAE04EC0-301F-11D3-BF4B-00C04F79EFBC}") = "backCesar", "backCesar\backCesar.csproj", "{564C991E-3D97-450B-8F88-73A836A7797C}"
EndProject
Global
	GlobalSection(SolutionConfigurationPlatforms) = preSolution
		Debug|Any CPU = Debug|Any CPU
		Release|Any CPU = Release|Any CPU
	EndGlobalSection
	GlobalSection(ProjectConfigurationPlatforms) = postSolution
		{564C991E-3D97-450B-8F88-73A836A7797C}.Debug|Any CPU.ActiveCfg = Debug|Any CPU
		{564C991E-3D97-450B-8F88-73A836A7797C}.Debug|Any CPU.Build.0 = Debug|Any CPU
		{564C991E-3D97-450B-8F88-73A836A7797C}.Release|Any CPU.ActiveCfg = Release|Any CPU
		{564C991E-3D97-450B-8F88-73A836A7797C}.Release|Any CPU.Build.0 = Release|Any CPU
	EndGlobalSection
	GlobalSection(SolutionProperties) = preSolution
		HideSolutionNode = FALSE
	EndGlobalSection
	GlobalSection(ExtensibilityGlobals) = postSolution
		SolutionGuid = {6BC07B7C-C55F-40F6-B636-D0EC37579B56}
	EndGlobalSection
EndGlobal
